Microsoft Visual Studio Solution File, Format Version 12.00
# Visual Studio Version 17
VisualStudioVersion = 17.13.35825.156
MinimumVisualStudioVersion = 10.0.40219.1
Project("{FAE04EC0-301F-11D3-BF4B-00C04F79EFBC}") = "PRPR1 Suduko", "PRPR1 Suduko\PRPR1 Suduko.csproj", "{1819FFA5-D66E-482F-97E5-BFF21DA68E50}"
EndProject
Global
	GlobalSection(SolutionConfigurationPlatforms) = preSolution
		Debug|Any CPU = Debug|Any CPU
		Release|Any CPU = Release|Any CPU
	EndGlobalSection
	GlobalSection(ProjectConfigurationPlatforms) = postSolution
		{1819FFA5-D66E-482F-97E5-BFF21DA68E50}.Debug|Any CPU.ActiveCfg = Debug|Any CPU
		{1819FFA5-D66E-482F-97E5-BFF21DA68E50}.Debug|Any CPU.Build.0 = Debug|Any CPU
		{1819FFA5-D66E-482F-97E5-BFF21DA68E50}.Release|Any CPU.ActiveCfg = Release|Any CPU
		{1819FFA5-D66E-482F-97E5-BFF21DA68E50}.Release|Any CPU.Build.0 = Release|Any CPU
	EndGlobalSection
	GlobalSection(SolutionProperties) = preSolution
		HideSolutionNode = FALSE
	EndGlobalSection
	GlobalSection(ExtensibilityGlobals) = postSolution
		SolutionGuid = {5405BA6F-7899-4059-A3E2-B9592CA55FE4}
	EndGlobalSection
EndGlobal
